{
  "lockfileVersion": 1,
  "configVersion": 0,
  "workspaces": {
    "": {
      "name": "rachibot",
      "dependencies": {
        "@octokit/request": "^10.0.7",
        "@openrouter/ai-sdk-provider": "^1.2.5",
        "ai": "^6.0.0-beta.108",
        "cheerio": "^1.1.2",
        "dayjs": "^1.11.19",
        "elysia": "1.4.16",
      },
      "devDependencies": {
        "bun-types": "1.3.3",
      },
    },
  },
  "packages": {
    "@ai-sdk/gateway": ["@ai-sdk/gateway@2.0.0-beta.59", "", { "dependencies": { "@ai-sdk/provider": "3.0.0-beta.16", "@ai-sdk/provider-utils": "4.0.0-beta.33", "@vercel/oidc": "3.0.5" }, "peerDependencies": { "zod": "^3.25.76 || ^4.1.8" } }, "sha512-2DJFQcAA7mfSfZtZdf7qoxkJXYlWcUCbPsonA90Pb4v/80PHIlA+fobtZsKGbTUmBbz9LuwKBmb9NdMlHVmRoQ=="],

    "@ai-sdk/provider": ["@ai-sdk/provider@3.0.0-beta.16", "", { "dependencies": { "json-schema": "^0.4.0" } }, "sha512-R62Z0fziX467Eu6MtVhkmHm0VFtJrq4vPGo8w4mcc4LhSPncHwn+b9yoyxv3f2pkWyUAhPR4ttgWyZoFG/lXIA=="],

    "@ai-sdk/provider-utils": ["@ai-sdk/provider-utils@4.0.0-beta.33", "", { "dependencies": { "@ai-sdk/provider": "3.0.0-beta.16", "@standard-schema/spec": "^1.0.0", "eventsource-parser": "^3.0.6" }, "peerDependencies": { "@valibot/to-json-schema": "^1.3.0", "arktype": "^2.1.22", "effect": "^3.18.4", "zod": "^3.25.76 || ^4.1.8" }, "optionalPeers": ["@valibot/to-json-schema", "arktype", "effect"] }, "sha512-8UnWOiWP5Fm0X+tU0ne4X3OnbDq5mMMxympHcW5VjVmx+Mc1TgD8KGPl0XsS9l3f61qPSVn1vZC3FthRnTlvhA=="],

    "@borewit/text-codec": ["@borewit/text-codec@0.1.1", "", {}, "sha512-5L/uBxmjaCIX5h8Z+uu+kA9BQLkc/Wl06UGR5ajNRxu+/XjonB5i8JpgFMrPj3LXTCPA0pv8yxUvbUi+QthGGA=="],

    "@octokit/endpoint": ["@octokit/endpoint@11.0.2", "", { "dependencies": { "@octokit/types": "^16.0.0", "universal-user-agent": "^7.0.2" } }, "sha512-4zCpzP1fWc7QlqunZ5bSEjxc6yLAlRTnDwKtgXfcI/FxxGoqedDG8V2+xJ60bV2kODqcGB+nATdtap/XYq2NZQ=="],

    "@octokit/openapi-types": ["@octokit/openapi-types@27.0.0", "", {}, "sha512-whrdktVs1h6gtR+09+QsNk2+FO+49j6ga1c55YZudfEG+oKJVvJLQi3zkOm5JjiUXAagWK2tI2kTGKJ2Ys7MGA=="],

    "@octokit/request": ["@octokit/request@10.0.7", "", { "dependencies": { "@octokit/endpoint": "^11.0.2", "@octokit/request-error": "^7.0.2", "@octokit/types": "^16.0.0", "fast-content-type-parse": "^3.0.0", "universal-user-agent": "^7.0.2" } }, "sha512-v93h0i1yu4idj8qFPZwjehoJx4j3Ntn+JhXsdJrG9pYaX6j/XRz2RmasMUHtNgQD39nrv/VwTWSqK0RNXR8upA=="],

    "@octokit/request-error": ["@octokit/request-error@7.0.2", "", { "dependencies": { "@octokit/types": "^16.0.0" } }, "sha512-U8piOROoQQUyExw5c6dTkU3GKxts5/ERRThIauNL7yaRoeXW0q/5bgHWT7JfWBw1UyrbK8ERId2wVkcB32n0uQ=="],

    "@octokit/types": ["@octokit/types@16.0.0", "", { "dependencies": { "@octokit/openapi-types": "^27.0.0" } }, "sha512-sKq+9r1Mm4efXW1FCk7hFSeJo4QKreL/tTbR0rz/qx/r1Oa2VV83LTA/H/MuCOX7uCIJmQVRKBcbmWoySjAnSg=="],

    "@openrouter/ai-sdk-provider": ["@openrouter/ai-sdk-provider@1.2.5", "", { "dependencies": { "@openrouter/sdk": "^0.1.8" }, "peerDependencies": { "ai": "^5.0.0", "zod": "^3.24.1 || ^v4" } }, "sha512-NrvJFPvdEUo6DYUQIVWPGfhafuZ2PAIX7+CUMKGknv8TcTNVo0TyP1y5SU7Bgjf/Wup9/74UFKUB07icOhVZjQ=="],

    "@openrouter/sdk": ["@openrouter/sdk@0.1.27", "", { "dependencies": { "zod": "^3.25.0 || ^4.0.0" } }, "sha512-RH//L10bSmc81q25zAZudiI4kNkLgxF2E+WU42vghp3N6TEvZ6F0jK7uT3tOxkEn91gzmMw9YVmDENy7SJsajQ=="],

    "@opentelemetry/api": ["@opentelemetry/api@1.9.0", "", {}, "sha512-3giAOQvZiH5F9bMlMiv8+GSPMeqg0dbaeo58/0SlA9sxSqZhnUtxzX9/2FzyhS9sWQf5S0GJE0AKBrFqjpeYcg=="],

    "@sinclair/typebox": ["@sinclair/typebox@0.34.41", "", {}, "sha512-6gS8pZzSXdyRHTIqoqSVknxolr1kzfy4/CeDnrzsVz8TTIWUbOBr6gnzOmTYJ3eXQNh4IYHIGi5aIL7sOZ2G/g=="],

    "@standard-schema/spec": ["@standard-schema/spec@1.0.0", "", {}, "sha512-m2bOd0f2RT9k8QJx1JN85cZYyH1RqFBdlwtkSlf4tBDYLCiiZnv1fIIwacK6cqwXavOydf0NPToMQgpKq+dVlA=="],

    "@tokenizer/inflate": ["@tokenizer/inflate@0.2.7", "", { "dependencies": { "debug": "^4.4.0", "fflate": "^0.8.2", "token-types": "^6.0.0" } }, "sha512-MADQgmZT1eKjp06jpI2yozxaU9uVs4GzzgSL+uEq7bVcJ9V1ZXQkeGNql1fsSI0gMy1vhvNTNbUqrx+pZfJVmg=="],

    "@tokenizer/token": ["@tokenizer/token@0.3.0", "", {}, "sha512-OvjF+z51L3ov0OyAU0duzsYuvO01PH7x4t6DJx+guahgTnBHkhJdG7soQeTSFLWN3efnHyibZ4Z8l2EuWwJN3A=="],

    "@types/node": ["@types/node@24.7.2", "", { "dependencies": { "undici-types": "~7.14.0" } }, "sha512-/NbVmcGTP+lj5oa4yiYxxeBjRivKQ5Ns1eSZeB99ExsEQ6rX5XYU1Zy/gGxY/ilqtD4Etx9mKyrPxZRetiahhA=="],

    "@vercel/oidc": ["@vercel/oidc@3.0.5", "", {}, "sha512-fnYhv671l+eTTp48gB4zEsTW/YtRgRPnkI2nT7x6qw5rkI1Lq2hTmQIpHPgyThI0znLK+vX2n9XxKdXZ7BUbbw=="],

    "ai": ["ai@6.0.0-beta.108", "", { "dependencies": { "@ai-sdk/gateway": "2.0.0-beta.59", "@ai-sdk/provider": "3.0.0-beta.16", "@ai-sdk/provider-utils": "4.0.0-beta.33", "@opentelemetry/api": "1.9.0" }, "peerDependencies": { "zod": "^3.25.76 || ^4.1.8" } }, "sha512-oePAX6VqOW7NVCo4H1Dtl8w06EEBx4VgYUEGIOHEvM4lK1CO9dQ+uzQ6GsXYeUXSDOUZQZq6WDT/1Ge3JB94Wg=="],

    "boolbase": ["boolbase@1.0.0", "", {}, "sha512-JZOSA7Mo9sNGB8+UjSgzdLtokWAky1zbztM3WRLCbZ70/3cTANmQmOdR7y2g+J0e2WXywy1yS468tY+IruqEww=="],

    "bun-types": ["bun-types@1.3.3", "", { "dependencies": { "@types/node": "*" } }, "sha512-z3Xwlg7j2l9JY27x5Qn3Wlyos8YAp0kKRlrePAOjgjMGS5IG6E7Jnlx736vH9UVI4wUICwwhC9anYL++XeOgTQ=="],

    "cheerio": ["cheerio@1.1.2", "", { "dependencies": { "cheerio-select": "^2.1.0", "dom-serializer": "^2.0.0", "domhandler": "^5.0.3", "domutils": "^3.2.2", "encoding-sniffer": "^0.2.1", "htmlparser2": "^10.0.0", "parse5": "^7.3.0", "parse5-htmlparser2-tree-adapter": "^7.1.0", "parse5-parser-stream": "^7.1.2", "undici": "^7.12.0", "whatwg-mimetype": "^4.0.0" } }, "sha512-IkxPpb5rS/d1IiLbHMgfPuS0FgiWTtFIm/Nj+2woXDLTZ7fOT2eqzgYbdMlLweqlHbsZjxEChoVK+7iph7jyQg=="],

    "cheerio-select": ["cheerio-select@2.1.0", "", { "dependencies": { "boolbase": "^1.0.0", "css-select": "^5.1.0", "css-what": "^6.1.0", "domelementtype": "^2.3.0", "domhandler": "^5.0.3", "domutils": "^3.0.1" } }, "sha512-9v9kG0LvzrlcungtnJtpGNxY+fzECQKhK4EGJX2vByejiMX84MFNQw4UxPJl3bFbTMw+Dfs37XaIkCwTZfLh4g=="],

    "cookie": ["cookie@1.0.2", "", {}, "sha512-9Kr/j4O16ISv8zBBhJoi4bXOYNTkFLOqSL3UDB0njXxCXNezjeyVrJyGOWtgfs/q2km1gwBcfH8q1yEGoMYunA=="],

    "css-select": ["css-select@5.2.2", "", { "dependencies": { "boolbase": "^1.0.0", "css-what": "^6.1.0", "domhandler": "^5.0.2", "domutils": "^3.0.1", "nth-check": "^2.0.1" } }, "sha512-TizTzUddG/xYLA3NXodFM0fSbNizXjOKhqiQQwvhlspadZokn1KDy0NZFS0wuEubIYAV5/c1/lAr0TaaFXEXzw=="],

    "css-what": ["css-what@6.2.2", "", {}, "sha512-u/O3vwbptzhMs3L1fQE82ZSLHQQfto5gyZzwteVIEyeaY5Fc7R4dapF/BvRoSYFeqfBk4m0V1Vafq5Pjv25wvA=="],

    "dayjs": ["dayjs@1.11.19", "", {}, "sha512-t5EcLVS6QPBNqM2z8fakk/NKel+Xzshgt8FFKAn+qwlD1pzZWxh0nVCrvFK7ZDb6XucZeF9z8C7CBWTRIVApAw=="],

    "debug": ["debug@4.4.3", "", { "dependencies": { "ms": "^2.1.3" } }, "sha512-RGwwWnwQvkVfavKVt22FGLw+xYSdzARwm0ru6DhTVA3umU5hZc28V3kO4stgYryrTlLpuvgI9GiijltAjNbcqA=="],

    "dom-serializer": ["dom-serializer@2.0.0", "", { "dependencies": { "domelementtype": "^2.3.0", "domhandler": "^5.0.2", "entities": "^4.2.0" } }, "sha512-wIkAryiqt/nV5EQKqQpo3SToSOV9J0DnbJqwK7Wv/Trc92zIAYZ4FlMu+JPFW1DfGFt81ZTCGgDEabffXeLyJg=="],

    "domelementtype": ["domelementtype@2.3.0", "", {}, "sha512-OLETBj6w0OsagBwdXnPdN0cnMfF9opN69co+7ZrbfPGrdpPVNBUj02spi6B1N7wChLQiPn4CSH/zJvXw56gmHw=="],

    "domhandler": ["domhandler@5.0.3", "", { "dependencies": { "domelementtype": "^2.3.0" } }, "sha512-cgwlv/1iFQiFnU96XXgROh8xTeetsnJiDsTc7TYCLFd9+/WNkIqPTxiM/8pSd8VIrhXGTf1Ny1q1hquVqDJB5w=="],

    "domutils": ["domutils@3.2.2", "", { "dependencies": { "dom-serializer": "^2.0.0", "domelementtype": "^2.3.0", "domhandler": "^5.0.3" } }, "sha512-6kZKyUajlDuqlHKVX1w7gyslj9MPIXzIFiz/rGu35uC1wMi+kMhQwGhl4lt9unC9Vb9INnY9Z3/ZA3+FhASLaw=="],

    "elysia": ["elysia@1.4.16", "", { "dependencies": { "cookie": "^1.0.2", "exact-mirror": "0.2.3", "fast-decode-uri-component": "^1.0.1", "memoirist": "^0.4.0" }, "peerDependencies": { "@sinclair/typebox": ">= 0.34.0 < 1", "@types/bun": ">= 1.2.0", "file-type": ">= 20.0.0", "openapi-types": ">= 12.0.0", "typescript": ">= 5.0.0" }, "optionalPeers": ["@types/bun", "typescript"] }, "sha512-KZtKN160/bdWVKg2hEgyoNXY8jRRquc+m6PboyisaLZL891I+Ufb7Ja6lDAD7vMQur8sLEWIcidZOzj5lWw9UA=="],

    "encoding-sniffer": ["encoding-sniffer@0.2.1", "", { "dependencies": { "iconv-lite": "^0.6.3", "whatwg-encoding": "^3.1.1" } }, "sha512-5gvq20T6vfpekVtqrYQsSCFZ1wEg5+wW0/QaZMWkFr6BqD3NfKs0rLCx4rrVlSWJeZb5NBJgVLswK/w2MWU+Gw=="],

    "entities": ["entities@4.5.0", "", {}, "sha512-V0hjH4dGPh9Ao5p0MoRY6BVqtwCjhz6vI5LT8AJ55H+4g9/4vbHx1I54fS0XuclLhDHArPQCiMjDxjaL8fPxhw=="],

    "eventsource-parser": ["eventsource-parser@3.0.6", "", {}, "sha512-Vo1ab+QXPzZ4tCa8SwIHJFaSzy4R6SHf7BY79rFBDf0idraZWAkYrDjDj8uWaSm3S2TK+hJ7/t1CEmZ7jXw+pg=="],

    "exact-mirror": ["exact-mirror@0.2.3", "", { "peerDependencies": { "@sinclair/typebox": "^0.34.15" }, "optionalPeers": ["@sinclair/typebox"] }, "sha512-aLdARfO0W0ntufjDyytUJQMbNXoB9g+BbA8KcgIq4XOOTYRw48yUGON/Pr64iDrYNZKcKvKbqE0MPW56FF2BXA=="],

    "fast-content-type-parse": ["fast-content-type-parse@3.0.0", "", {}, "sha512-ZvLdcY8P+N8mGQJahJV5G4U88CSvT1rP8ApL6uETe88MBXrBHAkZlSEySdUlyztF7ccb+Znos3TFqaepHxdhBg=="],

    "fast-decode-uri-component": ["fast-decode-uri-component@1.0.1", "", {}, "sha512-WKgKWg5eUxvRZGwW8FvfbaH7AXSh2cL+3j5fMGzUMCxWBJ3dV3a7Wz8y2f/uQ0e3B6WmodD3oS54jTQ9HVTIIg=="],

    "fflate": ["fflate@0.8.2", "", {}, "sha512-cPJU47OaAoCbg0pBvzsgpTPhmhqI5eJjh/JIu8tPj5q+T7iLvW/JAYUqmE7KOB4R1ZyEhzBaIQpQpardBF5z8A=="],

    "file-type": ["file-type@21.0.0", "", { "dependencies": { "@tokenizer/inflate": "^0.2.7", "strtok3": "^10.2.2", "token-types": "^6.0.0", "uint8array-extras": "^1.4.0" } }, "sha512-ek5xNX2YBYlXhiUXui3D/BXa3LdqPmoLJ7rqEx2bKJ7EAUEfmXgW0Das7Dc6Nr9MvqaOnIqiPV0mZk/r/UpNAg=="],

    "htmlparser2": ["htmlparser2@10.0.0", "", { "dependencies": { "domelementtype": "^2.3.0", "domhandler": "^5.0.3", "domutils": "^3.2.1", "entities": "^6.0.0" } }, "sha512-TwAZM+zE5Tq3lrEHvOlvwgj1XLWQCtaaibSN11Q+gGBAS7Y1uZSWwXXRe4iF6OXnaq1riyQAPFOBtYc77Mxq0g=="],

    "iconv-lite": ["iconv-lite@0.6.3", "", { "dependencies": { "safer-buffer": ">= 2.1.2 < 3.0.0" } }, "sha512-4fCk79wshMdzMp2rH06qWrJE4iolqLhCUH+OiuIgU++RB0+94NlDL81atO7GX55uUKueo0txHNtvEyI6D7WdMw=="],

    "ieee754": ["ieee754@1.2.1", "", {}, "sha512-dcyqhDvX1C46lXZcVqCpK+FtMRQVdIMN6/Df5js2zouUsqG7I6sFxitIC+7KYK29KdXOLHdu9zL4sFnoVQnqaA=="],

    "json-schema": ["json-schema@0.4.0", "", {}, "sha512-es94M3nTIfsEPisRafak+HDLfHXnKBhV3vU5eqPcS3flIWqcxJWgXHXiey3YrpaNsanY5ei1VoYEbOzijuq9BA=="],

    "memoirist": ["memoirist@0.4.0", "", {}, "sha512-zxTgA0mSYELa66DimuNQDvyLq36AwDlTuVRbnQtB+VuTcKWm5Qc4z3WkSpgsFWHNhexqkIooqpv4hdcqrX5Nmg=="],

    "ms": ["ms@2.1.3", "", {}, "sha512-6FlzubTLZG3J2a/NVCAleEhjzq5oxgHyaCU9yYXvcLsvoVaHJq/s5xXI6/XXP6tz7R9xAOtHnSO/tXtF3WRTlA=="],

    "nth-check": ["nth-check@2.1.1", "", { "dependencies": { "boolbase": "^1.0.0" } }, "sha512-lqjrjmaOoAnWfMmBPL+XNnynZh2+swxiX3WUE0s4yEHI6m+AwrK2UZOimIRl3X/4QctVqS8AiZjFqyOGrMXb/w=="],

    "openapi-types": ["openapi-types@12.1.3", "", {}, "sha512-N4YtSYJqghVu4iek2ZUvcN/0aqH1kRDuNqzcycDxhOUpg7GdvLa2F3DgS6yBNhInhv2r/6I0Flkn7CqL8+nIcw=="],

    "parse5": ["parse5@7.3.0", "", { "dependencies": { "entities": "^6.0.0" } }, "sha512-IInvU7fabl34qmi9gY8XOVxhYyMyuH2xUNpb2q8/Y+7552KlejkRvqvD19nMoUW/uQGGbqNpA6Tufu5FL5BZgw=="],

    "parse5-htmlparser2-tree-adapter": ["parse5-htmlparser2-tree-adapter@7.1.0", "", { "dependencies": { "domhandler": "^5.0.3", "parse5": "^7.0.0" } }, "sha512-ruw5xyKs6lrpo9x9rCZqZZnIUntICjQAd0Wsmp396Ul9lN/h+ifgVV1x1gZHi8euej6wTfpqX8j+BFQxF0NS/g=="],

    "parse5-parser-stream": ["parse5-parser-stream@7.1.2", "", { "dependencies": { "parse5": "^7.0.0" } }, "sha512-JyeQc9iwFLn5TbvvqACIF/VXG6abODeB3Fwmv/TGdLk2LfbWkaySGY72at4+Ty7EkPZj854u4CrICqNk2qIbow=="],

    "safer-buffer": ["safer-buffer@2.1.2", "", {}, "sha512-YZo3K82SD7Riyi0E1EQPojLz7kpepnSQI9IyPbHHg1XXXevb5dJI7tpyN2ADxGcQbHG7vcyRHk0cbwqcQriUtg=="],

    "strtok3": ["strtok3@10.3.4", "", { "dependencies": { "@tokenizer/token": "^0.3.0" } }, "sha512-KIy5nylvC5le1OdaaoCJ07L+8iQzJHGH6pWDuzS+d07Cu7n1MZ2x26P8ZKIWfbK02+XIL8Mp4RkWeqdUCrDMfg=="],

    "token-types": ["token-types@6.1.1", "", { "dependencies": { "@borewit/text-codec": "^0.1.0", "@tokenizer/token": "^0.3.0", "ieee754": "^1.2.1" } }, "sha512-kh9LVIWH5CnL63Ipf0jhlBIy0UsrMj/NJDfpsy1SqOXlLKEVyXXYrnFxFT1yOOYVGBSApeVnjPw/sBz5BfEjAQ=="],

    "uint8array-extras": ["uint8array-extras@1.5.0", "", {}, "sha512-rvKSBiC5zqCCiDZ9kAOszZcDvdAHwwIKJG33Ykj43OKcWsnmcBRL09YTU4nOeHZ8Y2a7l1MgTd08SBe9A8Qj6A=="],

    "undici": ["undici@7.16.0", "", {}, "sha512-QEg3HPMll0o3t2ourKwOeUAZ159Kn9mx5pnzHRQO8+Wixmh88YdZRiIwat0iNzNNXn0yoEtXJqFpyW7eM8BV7g=="],

    "undici-types": ["undici-types@7.14.0", "", {}, "sha512-QQiYxHuyZ9gQUIrmPo3IA+hUl4KYk8uSA7cHrcKd/l3p1OTpZcM0Tbp9x7FAtXdAYhlasd60ncPpgu6ihG6TOA=="],

    "universal-user-agent": ["universal-user-agent@7.0.3", "", {}, "sha512-TmnEAEAsBJVZM/AADELsK76llnwcf9vMKuPz8JflO1frO8Lchitr0fNaN9d+Ap0BjKtqWqd/J17qeDnXh8CL2A=="],

    "whatwg-encoding": ["whatwg-encoding@3.1.1", "", { "dependencies": { "iconv-lite": "0.6.3" } }, "sha512-6qN4hJdMwfYBtE3YBTTHhoeuUrDBPZmbQaxWAqSALV/MeEnR5z1xd8UKud2RAkFoPkmB+hli1TZSnyi84xz1vQ=="],

    "whatwg-mimetype": ["whatwg-mimetype@4.0.0", "", {}, "sha512-QaKxh0eNIi2mE9p2vEdzfagOKHCcj1pJ56EEHGQOVxp8r9/iszLUUV7v89x9O1p/T+NlTM5W7jW6+cz4Fq1YVg=="],

    "zod": ["zod@4.1.12", "", {}, "sha512-JInaHOamG8pt5+Ey8kGmdcAcg3OL9reK8ltczgHTAwNhMys/6ThXHityHxVV2p3fkw/c+MAvBHFVYHFZDmjMCQ=="],

    "htmlparser2/entities": ["entities@6.0.1", "", {}, "sha512-aN97NXWF6AWBTahfVOIrB/NShkzi5H7F9r1s9mD3cDj4Ko5f2qhhVoYMibXF7GlLveb/D2ioWay8lxI97Ven3g=="],

    "parse5/entities": ["entities@6.0.1", "", {}, "sha512-aN97NXWF6AWBTahfVOIrB/NShkzi5H7F9r1s9mD3cDj4Ko5f2qhhVoYMibXF7GlLveb/D2ioWay8lxI97Ven3g=="],
  }
}
